
Microsoft Visual Studio Solution File, Format Version 12.00
Project("{FAE04EC0-301F-11D3-BF4B-00C04F79EFBC}") = "ExampleSentry", "ExampleSentry\ExampleSentry.csproj", "{0CE9B081-113C-45B0-810F-4EAB4EE6F08B}"
EndProject
Global
	GlobalSection(SolutionConfigurationPlatforms) = preSolution
		Debug|Any CPU = Debug|Any CPU
		Release|Any CPU = Release|Any CPU
	EndGlobalSection
	GlobalSection(ProjectConfigurationPlatforms) = postSolution
		{0CE9B081-113C-45B0-810F-4EAB4EE6F08B}.Debug|Any CPU.ActiveCfg = Debug|Any CPU
		{0CE9B081-113C-45B0-810F-4EAB4EE6F08B}.Debug|Any CPU.Build.0 = Debug|Any CPU
		{0CE9B081-113C-45B0-810F-4EAB4EE6F08B}.Release|Any CPU.ActiveCfg = Release|Any CPU
		{0CE9B081-113C-45B0-810F-4EAB4EE6F08B}.Release|Any CPU.Build.0 = Release|Any CPU
	EndGlobalSection
EndGlobal
